github.com/aws/aws-sdk-go-v2 v1.38.0 h1:UCRQ5mlqcFk9HJDIqENSLR3wiG1VTWlyUfLDEvY7RxU=
github.com/aws/aws-sdk-go-v2 v1.38.0/go.mod h1:9Q0OoGQoboYIAJyslFyF1f5K1Ryddop8gqMhWx/n4Wg=
github.com/aws/aws-sdk-go-v2/aws/protocol/eventstream v1.7.0 h1:6GMWV6CNpA/6fbFHnoAjrv4+LGfyTqZz2LtCHnspgDg=
github.com/aws/aws-sdk-go-v2/aws/protocol/eventstream v1.7.0/go.mod h1:/mXlTIVG9jbxkqDnr5UQNQxW1HRYxeGklkM9vAFeabg=
github.com/aws/aws-sdk-go-v2/config v1.31.0 h1:9yH0xiY5fUnVNLRWO0AtayqwU1ndriZdN78LlhruJR4=
github.com/aws/aws-sdk-go-v2/config v1.31.0/go.mod h1:VeV3K72nXnhbe4EuxxhzsDc/ByrCSlZwUnWH52Nde/I=
github.com/aws/aws-sdk-go-v2/credentials v1.18.4 h1:IPd0Algf1b+Qy9BcDp0sCUcIWdCQPSzDoMK3a8pcbUM=
github.com/aws/aws-sdk-go-v2/credentials v1.18.4/go.mod h1:nwg78FjH2qvsRM1EVZlX9WuGUJOL5od+0qvm0adEzHk=
github.com/aws/aws-sdk-go-v2/feature/ec2/imds v1.18.3 h1:GicIdnekoJsjq9wqnvyi2elW6CGMSYKhdozE7/Svh78=
github.com/aws/aws-sdk-go-v2/feature/ec2/imds v1.18.3/go.mod h1:R7BIi6WNC5mc1kfRM7XM/VHC3uRWkjc396sfabq4iOo=
github.com/aws/aws-sdk-go-v2/internal/configsources v1.4.3 h1:o9RnO+YZ4X+kt5Z7Nvcishlz0nksIt2PIzDglLMP0vA=
github.com/aws/aws-sdk-go-v2/internal/configsources v1.4.3/go.mod h1:+6aLJzOG1fvMOyzIySYjOFjcguGvVRL68R+uoRencN4=
github.com/aws/aws-sdk-go-v2/internal/endpoints/v2 v2.7.3 h1:joyyUFhiTQQmVK6ImzNU9TQSNRNeD9kOklqTzyk5v6s=
github.com/aws/aws-sdk-go-v2/internal/endpoints/v2 v2.7.3/go.mod h1:+vNIyZQP3b3B1tSLI0lxvrU9cfM7gpdRXMFfm67ZcPc=
github.com/aws/aws-sdk-go-v2/internal/ini v1.8.3 h1:bIqFDwgGXXN1Kpp99pDOdKMTTb5d2KyU5X/BZxjOkRo=
github.com/aws/aws-sdk-go-v2/internal/ini v1.8.3/go.mod h1:H5O/EsxDWyU+LP/V8i5sm8cxoZgc2fdNR9bxlOFrQTo=
github.com/aws/aws-sdk-go-v2/internal/v4a v1.4.3 h1:ZV2XK2L3HBq9sCKQiQ/MdhZJppH/rH0vddEAamsHUIs=
github.com/aws/aws-sdk-go-v2/internal/v4a v1.4.3/go.mod h1:b9F9tk2HdHpbf3xbN7rUZcfmJI26N6NcJu/8OsBFI/0=
github.com/aws/aws-sdk-go-v2/service/internal/accept-encoding v1.13.0 h1:6+lZi2JeGKtCraAj1rpoZfKqnQ9SptseRZioejfUOLM=
github.com/aws/aws-sdk-go-v2/service/internal/accept-encoding v1.13.0/go.mod h1:eb3gfbVIxIoGgJsi9pGne19dhCBpK6opTYpQqAmdy44=
github.com/aws/aws-sdk-go-v2/service/internal/checksum v1.8.3 h1:3ZKmesYBaFX33czDl6mbrcHb6jeheg6LqjJhQdefhsY=
github.com/aws/aws-sdk-go-v2/service/internal/checksum v1.8.3/go.mod h1:7ryVb78GLCnjq7cw45N6oUb9REl7/vNUwjvIqC5UgdY=
github.com/aws/aws-sdk-go-v2/service/internal/presigned-url v1.13.3 h1:ieRzyHXypu5ByllM7Sp4hC5f/1Fy5wqxqY0yB85hC7s=
github.com/aws/aws-sdk-go-v2/service/internal/presigned-url v1.13.3/go.mod h1:O5ROz8jHiOAKAwx179v+7sHMhfobFVi6nZt8DEyiYoM=
github.com/aws/aws-sdk-go-v2/service/internal/s3shared v1.19.3 h1:SE/e52dq9a05RuxzLcjT+S5ZpQobj3ie3UTaSf2NnZc=
github.com/aws/aws-sdk-go-v2/service/internal/s3shared v1.19.3/go.mod h1:zkpvBTsR020VVr8TOrwK2TrUW9pOir28sH5ECHpnAfo=
github.com/aws/aws-sdk-go-v2/service/s3 v1.87.0 h1:egoDf+Geuuntmw79Mz6mk9gGmELCPzg5PFEABOHB+6Y=
github.com/aws/aws-sdk-go-v2/service/s3 v1.87.0/go.mod h1:t9MDi29H+HDbkolTSQtbI0HP9DemAWQzUjmWC7LGMnE=
github.com/aws/aws-sdk-go-v2/service/sso v1.28.0 h1:Mc/MKBf2m4VynyJkABoVEN+QzkfLqGj0aiJuEe7cMeM=
github.com/aws/aws-sdk-go-v2/service/sso v1.28.0/go.mod h1:iS5OmxEcN4QIPXARGhavH7S8kETNL11kym6jhoS7IUQ=
github.com/aws/aws-sdk-go-v2/service/ssooidc v1.33.0 h1:6csaS/aJmqZQbKhi1EyEMM7yBW653Wy/B9hnBofW+sw=
github.com/aws/aws-sdk-go-v2/service/ssooidc v1.33.0/go.mod h1:59qHWaY5B+Rs7HGTuVGaC32m0rdpQ68N8QCN3khYiqs=
github.com/aws/aws-sdk-go-v2/service/sts v1.37.0 h1:MG9VFW43M4A8BYeAfaJJZWrroinxeTi2r3+SnmLQfSA=
github.com/aws/aws-sdk-go-v2/service/sts v1.37.0/go.mod h1:JdeBDPgpJfuS6rU/hNglmOigKhyEZtBmbraLE4GK1J8=
github.com/aws/smithy-go v1.22.5 h1:P9ATCXPMb2mPjYBgueqJNCA5S9UfktsW0tTxi+a7eqw=
github.com/aws/smithy-go v1.22.5/go.mod h1:t1ufH5HMublsJYulve2RKmHDC15xu1f26kHCp/HgceI=
github.com/davecgh/go-spew v1.1.1 h1:vj9j/u1bqnvCEfJOwUhtlOARqs3+rkHYY13jYWTU97c=
github.com/davecgh/go-spew v1.1.1/go.mod h1:J7Y8YcW2NihsgmVo/mv3lAwl/skON4iLHjSsI+c5H38=
github.com/dustin/go-humanize v1.0.1 h1:GzkhY7T5VNhEkwH0PVJgjz+fX1rhBrR7pRT3mDkpeCY=
github.com/dustin/go-humanize v1.0.1/go.mod h1:Mu1zIs6XwVuF/gI1OepvI0qD18qycQx+mFykh5fBlto=
github.com/forest6511/gdl v1.4.0 h1:PYzuPPjZNzhAu4fhM1BgVLP8Gpa+S0Pa5+ZFZEmttpk=
github.com/forest6511/gdl v1.4.0/go.mod h1:huybSqD/i4rOXejfOeZbmI0x5xFNs7aIWUSaxcxV6wQ=
github.com/google/pprof v0.0.0-20250317173921-a4b03ec1a45e h1:ijClszYn+mADRFY17kjQEVQ1XRhq2/JR1M3sGqeJoxs=
github.com/google/pprof v0.0.0-20250317173921-a4b03ec1a45e/go.mod h1:boTsfXsheKC2y+lKOCMpSfarhxDeIzfZG1jqGcPl3cA=
github.com/google/uuid v1.6.0 h1:NIvaJDMOsjHA8n1jAhLSgzrAzy1Hgr+hNrb57e+94F0=
github.com/google/uuid v1.6.0/go.mod h1:TIyPZe4MgqvfeYDBFedMoGGpEw/LqOeaOT+nhxU+yHo=
github.com/hashicorp/errwrap v1.0.0 h1:hLrqtEDnRye3+sgx6z4qVLNuviH3MR5aQ0ykNJa/UYA=
github.com/hashicorp/errwrap v1.0.0/go.mod h1:YH+1FKiLXxHSkmPseP+kNlulaMuP3n2brvKWEqk/Jc4=
github.com/hashicorp/go-multierror v1.1.1 h1:H5DkEtf6CXdFp0N0Em5UCwQpXMWke8IA0+lD48awMYo=
github.com/hashicorp/go-multierror v1.1.1/go.mod h1:iw975J/qwKPdAO1clOe2L8331t/9/fmwbPZ6JB6eMoM=
github.com/hashicorp/golang-lru/v2 v2.0.7 h1:a+bsQ5rvGLjzHuww6tVxozPZFVghXaHOwFs4luLUK2k=
github.com/hashicorp/golang-lru/v2 v2.0.7/go.mod h1:QeFd9opnmA6QUJc5vARoKUSoFhyfM2/ZepoAG6RGpeM=
github.com/jlaffaye/ftp v0.2.0 h1:lXNvW7cBu7R/68bknOX3MrRIIqZ61zELs1P2RAiA3lg=
github.com/jlaffaye/ftp v0.2.0/go.mod h1:is2Ds5qkhceAPy2xD6RLI6hmp/qysSoymZ+Z2uTnspI=
github.com/joho/godotenv v1.5.1 h1:7eLL/+HRGLY0ldzfGMeQkb7vMd0as4CfYvUVzLqw0N0=
github.com/joho/godotenv v1.5.1/go.mod h1:f4LDr5Voq0i2e/R5DDNOoa2zzDfwtkZa6DnEwAbqwq4=
github.com/mattn/go-isatty v0.0.20 h1:xfD0iDuEKnDkl03q4limB+vH+GxLEtL/jb4xVJSWWEY=
github.com/mattn/go-isatty v0.0.20/go.mod h1:W+V8PltTTMOvKvAeJH7IuucS94S2C6jfK/D7dTCTo3Y=
github.com/ncruces/go-strftime v1.0.0 h1:HMFp8mLCTPp341M/ZnA4qaf7ZlsbTc+miZjCLOFAw7w=
github.com/ncruces/go-strftime v1.0.0/go.mod h1:Fwc5htZGVVkseilnfgOVb9mKy6w1naJmn9CehxcKcls=
github.com/pmezard/go-difflib v1.0.0 h1:4DBwDE0NGyQoBHbLQYPwSUPoCMWR5BEzIk/f1lZbAQM=
github.com/pmezard/go-difflib v1.0.0/go.mod h1:iKH77koFhYxTK1pcRnkKkqfTogsbg7gZNVY4sRDYZ/4=
github.com/remyoudompheng/bigfft v0.0.0-20230129092748-24d4a6f8daec h1:W09IVJc94icq4NjY3clb7Lk8O1qJ8BdBEF8z0ibU0rE=
github.com/remyoudompheng/bigfft v0.0.0-20230129092748-24d4a6f8daec/go.mod h1:qqbHyh8v60DhA7CoWK5oRCqLrMHRGoxYCSS9EjAz6Eo=
github.com/stretchr/testify v1.9.0 h1:HtqpIVDClZ4nwg75+f6Lvsy/wHu+3BoSGCbBAcpTsTg=
github.com/stretchr/testify v1.9.0/go.mod h1:r2ic/lqez/lEtzL7wO/rwa5dbSLXVDPFyf8C91i36aY=
go.uber.org/multierr v1.10.0 h1:S0h4aNzvfcFsC3dRF1jLoaov7oRaKqRGC/pUEJ2yvPQ=
go.uber.org/multierr v1.10.0/go.mod h1:20+QtiLqy0Nd6FdQB9TLXag12DsQkrbs3htMFfDN80Y=
go.uber.org/zap v1.27.1 h1:08RqriUEv8+ArZRYSTXy1LeBScaMpVSTBhCeaZYfMYc=
go.uber.org/zap v1.27.1/go.mod h1:GB2qFLM7cTU87MWRP2mPIjqfIDnGu+VIO4V/SdhGo2E=
golang.org/x/exp v0.0.0-20251023183803-a4bb9ffd2546 h1:mgKeJMpvi0yx/sU5GsxQ7p6s2wtOnGAHZWCHUM4KGzY=
golang.org/x/exp v0.0.0-20251023183803-a4bb9ffd2546/go.mod h1:j/pmGrbnkbPtQfxEe5D0VQhZC6qKbfKifgD0oM7sR70=
golang.org/x/mod v0.29.0 h1:HV8lRxZC4l2cr3Zq1LvtOsi/ThTgWnUk/y64QSs8GwA=
golang.org/x/mod v0.29.0/go.mod h1:NyhrlYXJ2H4eJiRy/WDBO6HMqZQ6q9nk4JzS3NuCK+w=
golang.org/x/sync v0.17.0 h1:l60nONMj9l5drqw6jlhIELNv9I0A4OFgRsG9k2oT9Ug=
golang.org/x/sync v0.17.0/go.mod h1:9KTHXmSnoGruLpwFjVSX0lNNA75CykiMECbovNTZqGI=
golang.org/x/sys v0.6.0/go.mod h1:oPkhp1MJrh7nUepCBck5+mAzfO9JrbApNNgaTdGDITg=
golang.org/x/sys v0.37.0 h1:fdNQudmxPjkdUTPnLn5mdQv7Zwvbvpaxqs831goi9kQ=
golang.org/x/sys v0.37.0/go.mod h1:OgkHotnGiDImocRcuBABYBEXf8A9a87e/uXjp9XT3ks=
golang.org/x/time v0.12.0 h1:ScB/8o8olJvc+CQPWrK3fPZNfh7qgwCrY0zJmoEQLSE=
golang.org/x/time v0.12.0/go.mod h1:CDIdPxbZBQxdj6cxyCIdrNogrJKMJ7pr37NYpMcMDSg=
golang.org/x/tools v0.38.0 h1:Hx2Xv8hISq8Lm16jvBZ2VQf+RLmbd7wVUsALibYI/IQ=
golang.org/x/tools v0.38.0/go.mod h1:yEsQ/d/YK8cjh0L6rZlY8tgtlKiBNTL14pGDJPJpYQs=
gopkg.in/yaml.v3 v3.0.1 h1:fxVm/GzAzEWqLHuvctI91KS9hhNmmWOoWu0XTYJS7CA=
gopkg.in/yaml.v3 v3.0.1/go.mod h1:K4uyk7z7BCEPqu6E+C64Yfv1cQ7kz7rIZviUmN+EgEM=
modernc.org/cc/v4 v4.27.1 h1:9W30zRlYrefrDV2JE2O8VDtJ1yPGownxciz5rrbQZis=
modernc.org/cc/v4 v4.27.1/go.mod h1:uVtb5OGqUKpoLWhqwNQo/8LwvoiEBLvZXIQ/SmO6mL0=
modernc.org/ccgo/v4 v4.30.1 h1:4r4U1J6Fhj98NKfSjnPUN7Ze2c6MnAdL0hWw6+LrJpc=
modernc.org/ccgo/v4 v4.30.1/go.mod h1:bIOeI1JL54Utlxn+LwrFyjCx2n2RDiYEaJVSrgdrRfM=
modernc.org/fileutil v1.3.40 h1:ZGMswMNc9JOCrcrakF1HrvmergNLAmxOPjizirpfqBA=
modernc.org/fileutil v1.3.40/go.mod h1:HxmghZSZVAz/LXcMNwZPA/DRrQZEVP9VX0V4LQGQFOc=
modernc.org/gc/v2 v2.6.5 h1:nyqdV8q46KvTpZlsw66kWqwXRHdjIlJOhG6kxiV/9xI=
modernc.org/gc/v2 v2.6.5/go.mod h1:YgIahr1ypgfe7chRuJi2gD7DBQiKSLMPgBQe9oIiito=
modernc.org/gc/v3 v3.1.1 h1:k8T3gkXWY9sEiytKhcgyiZ2L0DTyCQ/nvX+LoCljoRE=
modernc.org/gc/v3 v3.1.1/go.mod h1:HFK/6AGESC7Ex+EZJhJ2Gni6cTaYpSMmU/cT9RmlfYY=
modernc.org/goabi0 v0.2.0 h1:HvEowk7LxcPd0eq6mVOAEMai46V+i7Jrj13t4AzuNks=
modernc.org/goabi0 v0.2.0/go.mod h1:CEFRnnJhKvWT1c1JTI3Avm+tgOWbkOu5oPA8eH8LnMI=
modernc.org/libc v1.67.6 h1:eVOQvpModVLKOdT+LvBPjdQqfrZq+pC39BygcT+E7OI=
modernc.org/libc v1.67.6/go.mod h1:JAhxUVlolfYDErnwiqaLvUqc8nfb2r6S6slAgZOnaiE=
modernc.org/mathutil v1.7.1 h1:GCZVGXdaN8gTqB1Mf/usp1Y/hSqgI2vAGGP4jZMCxOU=
modernc.org/mathutil v1.7.1/go.mod h1:4p5IwJITfppl0G4sUEDtCr4DthTaT47/N3aT6MhfgJg=
modernc.org/memory v1.11.0 h1:o4QC8aMQzmcwCK3t3Ux/ZHmwFPzE6hf2Y5LbkRs+hbI=
modernc.org/memory v1.11.0/go.mod h1:/JP4VbVC+K5sU2wZi9bHoq2MAkCnrt2r98UGeSK7Mjw=
modernc.org/opt v0.1.4 h1:2kNGMRiUjrp4LcaPuLY2PzUfqM/w9N23quVwhKt5Qm8=
modernc.org/opt v0.1.4/go.mod h1:03fq9lsNfvkYSfxrfUhZCWPk1lm4cq4N+Bh//bEtgns=
modernc.org/sortutil v1.2.1 h1:+xyoGf15mM3NMlPDnFqrteY07klSFxLElE2PVuWIJ7w=
modernc.org/sortutil v1.2.1/go.mod h1:7ZI3a3REbai7gzCLcotuw9AC4VZVpYMjDzETGsSMqJE=
modernc.org/sqlite v1.45.0 h1:r51cSGzKpbptxnby+EIIz5fop4VuE4qFoVEjNvWoObs=
modernc.org/sqlite v1.45.0/go.mod h1:CzbrU2lSB1DKUusvwGz7rqEKIq+NUd8GWuBBZDs9/nA=
modernc.org/strutil v1.2.1 h1:UneZBkQA+DX2Rp35KcM69cSsNES9ly8mQWD71HKlOA0=
modernc.org/strutil v1.2.1/go.mod h1:EHkiggD70koQxjVdSBM3JKM7k6L0FbGE5eymy9i3B9A=
modernc.org/token v1.1.0 h1:Xl7Ap9dKaEs5kLoOQeQmPWevfnk/DM5qcLcYlA8ys6Y=
modernc.org/token v1.1.0/go.mod h1:UGzOrNV1mAFSEB63lOFHIpNRUVMvYTc6yu1SMY/XTDM=
